// !$*UTF8*$!
{
	archiveVersion = 1;
	classes = {
	};
	objectVersion = 46;
	objects = {

/* Begin PBXBuildFile section */
		3593B71813E88F4000814F87 /* UIKit.framework in Frameworks */ = {isa = PBXBuildFile; fileRef = 3593B71713E88F4000814F87 /* UIKit.framework */; };
		3593B71A13E88F4000814F87 /* Foundation.framework in Frameworks */ = {isa = PBXBuildFile; fileRef = 3593B71913E88F4000814F87 /* Foundation.framework */; };
		3593B71C13E88F4000814F87 /* CoreGraphics.framework in Frameworks */ = {isa = PBXBuildFile; fileRef = 3593B71B13E88F4000814F87 /* CoreGraphics.framework */; };
		3593B72213E88F4000814F87 /* InfoPlist.strings in Resources */ = {isa = PBXBuildFile; fileRef = 3593B72013E88F4000814F87 /* InfoPlist.strings */; };
		3593B72413E88F4000814F87 /* main.m in Sources */ = {isa = PBXBuildFile; fileRef = 3593B72313E88F4000814F87 /* main.m */; };
		3593B72813E88F4000814F87 /* booksAppDelegate.m in Sources */ = {isa = PBXBuildFile; fileRef = 3593B72713E88F4000814F87 /* booksAppDelegate.m */; };
		3593B72B13E88F4000814F87 /* MainWindow.xib in Resources */ = {isa = PBXBuildFile; fileRef = 3593B72913E88F4000814F87 /* MainWindow.xib */; };
		3593B72E13E88F4000814F87 /* books2.m in Sources */ = {isa = PBXBuildFile; fileRef = 3593B72D13E88F4000814F87 /* books2.m */; };
		3593B73113E88F4000814F87 /* booksViewController.xib in Resources */ = {isa = PBXBuildFile; fileRef = 3593B72F13E88F4000814F87 /* booksViewController.xib */; };
/* End PBXBuildFile section */

/* Begin PBXFileReference section */
		3593B71313E88F4000814F87 /* books.app */ = {isa = PBXFileReference; explicitFileType = wrapper.application; includeInIndex = 0; path = books.app; sourceTree = BUILT_PRODUCTS_DIR; };
		3593B71713E88F4000814F87 /* UIKit.framework */ = {isa = PBXFileReference; lastKnownFileType = wrapper.framework; name = UIKit.framework; path = System/Library/Frameworks/UIKit.framework; sourceTree = SDKROOT; };
		3593B71913E88F4000814F87 /* Foundation.framework */ = {isa = PBXFileReference; lastKnownFileType = wrapper.framework; name = Foundation.framework; path = System/Library/Frameworks/Foundation.framework; sourceTree = SDKROOT; };
		3593B71B13E88F4000814F87 /* CoreGraphics.framework */ = {isa = PBXFileReference; lastKnownFileType = wrapper.framework; name = CoreGraphics.framework; path = System/Library/Frameworks/CoreGraphics.framework; sourceTree = SDKROOT; };
		3593B71F13E88F4000814F87 /* books-Info.plist */ = {isa = PBXFileReference; lastKnownFileType = text.plist.xml; path = "books-Info.plist"; sourceTree = "<group>"; };
		3593B72113E88F4000814F87 /* en */ = {isa = PBXFileReference; lastKnownFileType = text.plist.strings; name = en; path = en.lproj/InfoPlist.strings; sourceTree = "<group>"; };
		3593B72313E88F4000814F87 /* main.m */ = {isa = PBXFileReference; lastKnownFileType = sourcecode.c.objc; path = main.m; sourceTree = "<group>"; };
		3593B72513E88F4000814F87 /* books-Prefix.pch */ = {isa = PBXFileReference; lastKnownFileType = sourcecode.c.h; path = "books-Prefix.pch"; sourceTree = "<group>"; };
		3593B72613E88F4000814F87 /* booksAppDelegate.h */ = {isa = PBXFileReference; lastKnownFileType = sourcecode.c.h; path = booksAppDelegate.h; sourceTree = "<group>"; };
		3593B72713E88F4000814F87 /* booksAppDelegate.m */ = {isa = PBXFileReference; lastKnownFileType = sourcecode.c.objc; path = booksAppDelegate.m; sourceTree = "<group>"; };
		3593B72A13E88F4000814F87 /* en */ = {isa = PBXFileReference; lastKnownFileType = file.xib; name = en; path = en.lproj/MainWindow.xib; sourceTree = "<group>"; };
		3593B72C13E88F4000814F87 /* booksViewController.h */ = {isa = PBXFileReference; lastKnownFileType = sourcecode.c.h; path = booksViewController.h; sourceTree = "<group>"; };
		3593B72D13E88F4000814F87 /* books2.m */ = {isa = PBXFileReference; lastKnownFileType = sourcecode.c.objc; path = books2.m; sourceTree = "<group>"; };
		3593B73013E88F4000814F87 /* en */ = {isa = PBXFileReference; lastKnownFileType = file.xib; name = en; path = en.lproj/booksViewController.xib; sourceTree = "<group>"; };
/* End PBXFileReference section */

/* Begin PBXFrameworksBuildPhase section */
		3593B71013E88F4000814F87 /* Frameworks */ = {
			isa = PBXFrameworksBuildPhase;
			buildActionMask = 2147483647;
			files = (
				3593B71813E88F4000814F87 /* UIKit.framework in Frameworks */,
				3593B71A13E88F4000814F87 /* Foundation.framework in Frameworks */,
				3593B71C13E88F4000814F87 /* CoreGraphics.framework in Frameworks */,
			);
			runOnlyForDeploymentPostprocessing = 0;
		};
/* End PBXFrameworksBuildPhase section */

/* Begin PBXGroup section */
		3593B70813E88F3F00814F87 = {
			isa = PBXGroup;
			children = (
				3593B71D13E88F4000814F87 /* books */,
				3593B71613E88F4000814F87 /* Frameworks */,
				3593B71413E88F4000814F87 /* Products */,
			);
			sourceTree = "<group>";
		};
		3593B71413E88F4000814F87 /* Products */ = {
			isa = PBXGroup;
			children = (
				3593B71313E88F4000814F87 /* books.app */,
			);
			name = Products;
			sourceTree = "<group>";
		};
		3593B71613E88F4000814F87 /* Frameworks */ = {
			isa = PBXGroup;
			children = (
				3593B71713E88F4000814F87 /* UIKit.framework */,
				3593B71913E88F4000814F87 /* Foundation.framework */,
				3593B71B13E88F4000814F87 /* CoreGraphics.framework */,
			);
			name = Frameworks;
			sourceTree = "<group>";
		};
		3593B71D13E88F4000814F87 /* books */ = {
			isa = PBXGroup;
			children = (
				3593B72613E88F4000814F87 /* booksAppDelegate.h */,
				3593B72713E88F4000814F87 /* booksAppDelegate.m */,
				3593B72C13E88F4000814F87 /* booksViewController.h */,
				3593B72D13E88F4000814F87 /* books2.m */,
				3593B72F13E88F4000814F87 /* booksViewController.xib */,
				3593B72913E88F4000814F87 /* MainWindow.xib */,
				3593B71E13E88F4000814F87 /* Supporting Files */,
			);
			path = books;
			sourceTree = "<group>";
		};
		3593B71E13E88F4000814F87 /* Supporting Files */ = {
			isa = PBXGroup;
			children = (
				3593B71F13E88F4000814F87 /* books-Info.plist */,
				3593B72013E88F4000814F87 /* InfoPlist.strings */,
				3593B72313E88F4000814F87 /* main.m */,
				3593B72513E88F4000814F87 /* books-Prefix.pch */,
			);
			name = "Supporting Files";
			sourceTree = "<group>";
		};
/* End PBXGroup section */

/* Begin PBXNativeTarget section */
		3593B71213E88F4000814F87 /* books */ = {
			isa = PBXNativeTarget;
			buildConfigurationList = 3593B73413E88F4000814F87 /* Build configuration list for PBXNativeTarget "books" */;
			buildPhases = (
				3593B70F13E88F4000814F87 /* Sources */,
				3593B71013E88F4000814F87 /* Frameworks */,
				3593B71113E88F4000814F87 /* Resources */,
			);
			buildRules = (
			);
			dependencies = (
			);
			name = books;
			productName = books;
			productReference = 3593B71313E88F4000814F87 /* books.app */;
			productType = "com.apple.product-type.application";
		};
/* End PBXNativeTarget section */

/* Begin PBXProject section */
		3593B70A13E88F3F00814F87 /* Project object */ = {
			isa = PBXProject;
			buildConfigurationList = 3593B70D13E88F3F00814F87 /* Build configuration list for PBXProject "books" */;
			compatibilityVersion = "Xcode 3.2";
			developmentRegion = English;
			hasScannedForEncodings = 0;
			knownRegions = (
				en,
			);
			mainGroup = 3593B70813E88F3F00814F87;
			productRefGroup = 3593B71413E88F4000814F87 /* Products */;
			projectDirPath = "";
			projectRoot = "";
			targets = (
				3593B71213E88F4000814F87 /* books */,
			);
		};
/* End PBXProject section */

/* Begin PBXResourcesBuildPhase section */
		3593B71113E88F4000814F87 /* Resources */ = {
			isa = PBXResourcesBuildPhase;
			buildActionMask = 2147483647;
			files = (
				3593B72213E88F4000814F87 /* InfoPlist.strings in Resources */,
				3593B72B13E88F4000814F87 /* MainWindow.xib in Resources */,
				3593B73113E88F4000814F87 /* booksViewController.xib in Resources */,
			);
			runOnlyForDeploymentPostprocessing = 0;
		};
/* End PBXResourcesBuildPhase section */

/* Begin PBXSourcesBuildPhase section */
		3593B70F13E88F4000814F87 /* Sources */ = {
			isa = PBXSourcesBuildPhase;
			buildActionMask = 2147483647;
			files = (
				3593B72413E88F4000814F87 /* main.m in Sources */,
				3593B72813E88F4000814F87 /* booksAppDelegate.m in Sources */,
				3593B72E13E88F4000814F87 /* books2.m in Sources */,
			);
			runOnlyForDeploymentPostprocessing = 0;
		};
/* End PBXSourcesBuildPhase section */

/* Begin PBXVariantGroup section */
		3593B72013E88F4000814F87 /* InfoPlist.strings */ = {
			isa = PBXVariantGroup;
			children = (
				3593B72113E88F4000814F87 /* en */,
			);
			name = InfoPlist.strings;
			sourceTree = "<group>";
		};
		3593B72913E88F4000814F87 /* MainWindow.xib */ = {
			isa = PBXVariantGroup;
			children = (
				3593B72A13E88F4000814F87 /* en */,
			);
			name = MainWindow.xib;
			sourceTree = "<group>";
		};
		3593B72F13E88F4000814F87 /* booksViewController.xib */ = {
			isa = PBXVariantGroup;
			children = (
				3593B73013E88F4000814F87 /* en */,
			);
			name = booksViewController.xib;
			sourceTree = "<group>";
		};
/* End PBXVariantGroup section */

/* Begin XCBuildConfiguration section */
		3593B73213E88F4000814F87 /* Debug */ = {
			isa = XCBuildConfiguration;
			buildSettings = {
				ALWAYS_SEARCH_USER_PATHS = NO;
				ARCHS = "$(ARCHS_STANDARD_32_BIT)";
				"CODE_SIGN_IDENTITY[sdk=iphoneos*]" = "iPhone Developer";
				COPY_PHASE_STRIP = NO;
				GCC_C_LANGUAGE_STANDARD = gnu99;
				GCC_DYNAMIC_NO_PIC = NO;
				GCC_OPTIMIZATION_LEVEL = 0;
				GCC_PREPROCESSOR_DEFINITIONS = (
					"DEBUG=1",
					"$(inherited)",
				);
				GCC_SYMBOLS_PRIVATE_EXTERN = NO;
				GCC_VERSION = com.apple.compilers.llvmgcc42;
				GCC_WARN_ABOUT_MISSING_PROTOTYPES = YES;
				GCC_WARN_ABOUT_RETURN_TYPE = YES;
				GCC_WARN_UNUSED_VARIABLE = YES;
				IPHONEOS_DEPLOYMENT_TARGET = 4.3;
				SDKROOT = iphoneos;
			};
			name = Debug;
		};
		3593B73313E88F4000814F87 /* Release */ = {
			isa = XCBuildConfiguration;
			buildSettings = {
				ALWAYS_SEARCH_USER_PATHS = NO;
				ARCHS = "$(ARCHS_STANDARD_32_BIT)";
				"CODE_SIGN_IDENTITY[sdk=iphoneos*]" = "iPhone Developer";
				COPY_PHASE_STRIP = YES;
				GCC_C_LANGUAGE_STANDARD = gnu99;
				GCC_VERSION = com.apple.compilers.llvmgcc42;
				GCC_WARN_ABOUT_MISSING_PROTOTYPES = YES;
				GCC_WARN_ABOUT_RETURN_TYPE = YES;
				GCC_WARN_UNUSED_VARIABLE = YES;
				IPHONEOS_DEPLOYMENT_TARGET = 4.3;
				OTHER_CFLAGS = "-DNS_BLOCK_ASSERTIONS=1";
				SDKROOT = iphoneos;
				VALIDATE_PRODUCT = YES;
			};
			name = Release;
		};
		3593B73513E88F4000814F87 /* Debug */ = {
			isa = XCBuildConfiguration;
			buildSettings = {
				GCC_PRECOMPILE_PREFIX_HEADER = YES;
				GCC_PREFIX_HEADER = "books/books-Prefix.pch";
				INFOPLIST_FILE = "books/books-Info.plist";
				PRODUCT_NAME = "$(TARGET_NAME)";
				WRAPPER_EXTENSION = app;
			};
			name = Debug;
		};
		3593B73613E88F4000814F87 /* Release */ = {
			isa = XCBuildConfiguration;
			buildSettings = {
				GCC_PRECOMPILE_PREFIX_HEADER = YES;
				GCC_PREFIX_HEADER = "books/books-Prefix.pch";
				INFOPLIST_FILE = "books/books-Info.plist";
				PRODUCT_NAME = "$(TARGET_NAME)";
				WRAPPER_EXTENSION = app;
			};
			name = Release;
		};
/* End XCBuildConfiguration section */

/* Begin XCConfigurationList section */
		3593B70D13E88F3F00814F87 /* Build configuration list for PBXProject "books" */ = {
			isa = XCConfigurationList;
			buildConfigurations = (
				3593B73213E88F4000814F87 /* Debug */,
				3593B73313E88F4000814F87 /* Release */,
			);
			defaultConfigurationIsVisible = 0;
			defaultConfigurationName = Release;
		};
		3593B73413E88F4000814F87 /* Build configuration list for PBXNativeTarget "books" */ = {
			isa = XCConfigurationList;
			buildConfigurations = (
				3593B73513E88F4000814F87 /* Debug */,
				3593B73613E88F4000814F87 /* Release */,
			);
			defaultConfigurationIsVisible = 0;
			defaultConfigurationName = Release;
		};
/* End XCConfigurationList section */
	};
	rootObject = 3593B70A13E88F3F00814F87 /* Project object */;
}
