// !$*UTF8*$!
{
	archiveVersion = 1;
	classes = {
	};
	objectVersion = 46;
	objects = {

/* Begin PBXBuildFile section */
		352261DC13D0DA7E00C1AD67 /* UIKit.framework in Frameworks */ = {isa = PBXBuildFile; fileRef = 352261DB13D0DA7E00C1AD67 /* UIKit.framework */; };
		352261DE13D0DA7E00C1AD67 /* Foundation.framework in Frameworks */ = {isa = PBXBuildFile; fileRef = 352261DD13D0DA7E00C1AD67 /* Foundation.framework */; };
		352261E013D0DA7E00C1AD67 /* CoreGraphics.framework in Frameworks */ = {isa = PBXBuildFile; fileRef = 352261DF13D0DA7E00C1AD67 /* CoreGraphics.framework */; };
		352261E613D0DA7E00C1AD67 /* InfoPlist.strings in Resources */ = {isa = PBXBuildFile; fileRef = 352261E413D0DA7E00C1AD67 /* InfoPlist.strings */; };
		352261E913D0DA7E00C1AD67 /* main.m in Sources */ = {isa = PBXBuildFile; fileRef = 352261E813D0DA7E00C1AD67 /* main.m */; };
		352261EC13D0DA7E00C1AD67 /* ZoneClockAppDelegate.m in Sources */ = {isa = PBXBuildFile; fileRef = 352261EB13D0DA7E00C1AD67 /* ZoneClockAppDelegate.m */; };
		352261EF13D0DA7F00C1AD67 /* MainWindow.xib in Resources */ = {isa = PBXBuildFile; fileRef = 352261ED13D0DA7F00C1AD67 /* MainWindow.xib */; };
		352261F213D0DA7F00C1AD67 /* ZoneClockViewController.m in Sources */ = {isa = PBXBuildFile; fileRef = 352261F113D0DA7F00C1AD67 /* ZoneClockViewController.m */; };
		352261F513D0DA7F00C1AD67 /* ZoneClockViewController.xib in Resources */ = {isa = PBXBuildFile; fileRef = 352261F313D0DA7F00C1AD67 /* ZoneClockViewController.xib */; };
/* End PBXBuildFile section */

/* Begin PBXFileReference section */
		352261D713D0DA7E00C1AD67 /* ZoneClock.app */ = {isa = PBXFileReference; explicitFileType = wrapper.application; includeInIndex = 0; path = ZoneClock.app; sourceTree = BUILT_PRODUCTS_DIR; };
		352261DB13D0DA7E00C1AD67 /* UIKit.framework */ = {isa = PBXFileReference; lastKnownFileType = wrapper.framework; name = UIKit.framework; path = System/Library/Frameworks/UIKit.framework; sourceTree = SDKROOT; };
		352261DD13D0DA7E00C1AD67 /* Foundation.framework */ = {isa = PBXFileReference; lastKnownFileType = wrapper.framework; name = Foundation.framework; path = System/Library/Frameworks/Foundation.framework; sourceTree = SDKROOT; };
		352261DF13D0DA7E00C1AD67 /* CoreGraphics.framework */ = {isa = PBXFileReference; lastKnownFileType = wrapper.framework; name = CoreGraphics.framework; path = System/Library/Frameworks/CoreGraphics.framework; sourceTree = SDKROOT; };
		352261E313D0DA7E00C1AD67 /* ZoneClock-Info.plist */ = {isa = PBXFileReference; lastKnownFileType = text.plist.xml; path = "ZoneClock-Info.plist"; sourceTree = "<group>"; };
		352261E513D0DA7E00C1AD67 /* en */ = {isa = PBXFileReference; lastKnownFileType = text.plist.strings; name = en; path = en.lproj/InfoPlist.strings; sourceTree = "<group>"; };
		352261E713D0DA7E00C1AD67 /* ZoneClock-Prefix.pch */ = {isa = PBXFileReference; lastKnownFileType = sourcecode.c.h; path = "ZoneClock-Prefix.pch"; sourceTree = "<group>"; };
		352261E813D0DA7E00C1AD67 /* main.m */ = {isa = PBXFileReference; lastKnownFileType = sourcecode.c.objc; path = main.m; sourceTree = "<group>"; };
		352261EA13D0DA7E00C1AD67 /* ZoneClockAppDelegate.h */ = {isa = PBXFileReference; lastKnownFileType = sourcecode.c.h; path = ZoneClockAppDelegate.h; sourceTree = "<group>"; };
		352261EB13D0DA7E00C1AD67 /* ZoneClockAppDelegate.m */ = {isa = PBXFileReference; lastKnownFileType = sourcecode.c.objc; path = ZoneClockAppDelegate.m; sourceTree = "<group>"; };
		352261EE13D0DA7F00C1AD67 /* en */ = {isa = PBXFileReference; lastKnownFileType = file.xib; name = en; path = en.lproj/MainWindow.xib; sourceTree = "<group>"; };
		352261F013D0DA7F00C1AD67 /* ZoneClockViewController.h */ = {isa = PBXFileReference; lastKnownFileType = sourcecode.c.h; path = ZoneClockViewController.h; sourceTree = "<group>"; };
		352261F113D0DA7F00C1AD67 /* ZoneClockViewController.m */ = {isa = PBXFileReference; lastKnownFileType = sourcecode.c.objc; path = ZoneClockViewController.m; sourceTree = "<group>"; };
		352261F413D0DA7F00C1AD67 /* en */ = {isa = PBXFileReference; lastKnownFileType = file.xib; name = en; path = en.lproj/ZoneClockViewController.xib; sourceTree = "<group>"; };
/* End PBXFileReference section */

/* Begin PBXFrameworksBuildPhase section */
		352261D413D0DA7E00C1AD67 /* Frameworks */ = {
			isa = PBXFrameworksBuildPhase;
			buildActionMask = 2147483647;
			files = (
				352261DC13D0DA7E00C1AD67 /* UIKit.framework in Frameworks */,
				352261DE13D0DA7E00C1AD67 /* Foundation.framework in Frameworks */,
				352261E013D0DA7E00C1AD67 /* CoreGraphics.framework in Frameworks */,
			);
			runOnlyForDeploymentPostprocessing = 0;
		};
/* End PBXFrameworksBuildPhase section */

/* Begin PBXGroup section */
		352261CC13D0DA7E00C1AD67 = {
			isa = PBXGroup;
			children = (
				352261E113D0DA7E00C1AD67 /* ZoneClock */,
				352261DA13D0DA7E00C1AD67 /* Frameworks */,
				352261D813D0DA7E00C1AD67 /* Products */,
			);
			sourceTree = "<group>";
		};
		352261D813D0DA7E00C1AD67 /* Products */ = {
			isa = PBXGroup;
			children = (
				352261D713D0DA7E00C1AD67 /* ZoneClock.app */,
			);
			name = Products;
			sourceTree = "<group>";
		};
		352261DA13D0DA7E00C1AD67 /* Frameworks */ = {
			isa = PBXGroup;
			children = (
				352261DB13D0DA7E00C1AD67 /* UIKit.framework */,
				352261DD13D0DA7E00C1AD67 /* Foundation.framework */,
				352261DF13D0DA7E00C1AD67 /* CoreGraphics.framework */,
			);
			name = Frameworks;
			sourceTree = "<group>";
		};
		352261E113D0DA7E00C1AD67 /* ZoneClock */ = {
			isa = PBXGroup;
			children = (
				352261EA13D0DA7E00C1AD67 /* ZoneClockAppDelegate.h */,
				352261EB13D0DA7E00C1AD67 /* ZoneClockAppDelegate.m */,
				352261ED13D0DA7F00C1AD67 /* MainWindow.xib */,
				352261F013D0DA7F00C1AD67 /* ZoneClockViewController.h */,
				352261F113D0DA7F00C1AD67 /* ZoneClockViewController.m */,
				352261F313D0DA7F00C1AD67 /* ZoneClockViewController.xib */,
				352261E213D0DA7E00C1AD67 /* Supporting Files */,
			);
			path = ZoneClock;
			sourceTree = "<group>";
		};
		352261E213D0DA7E00C1AD67 /* Supporting Files */ = {
			isa = PBXGroup;
			children = (
				352261E313D0DA7E00C1AD67 /* ZoneClock-Info.plist */,
				352261E413D0DA7E00C1AD67 /* InfoPlist.strings */,
				352261E713D0DA7E00C1AD67 /* ZoneClock-Prefix.pch */,
				352261E813D0DA7E00C1AD67 /* main.m */,
			);
			name = "Supporting Files";
			sourceTree = "<group>";
		};
/* End PBXGroup section */

/* Begin PBXNativeTarget section */
		352261D613D0DA7E00C1AD67 /* ZoneClock */ = {
			isa = PBXNativeTarget;
			buildConfigurationList = 352261F813D0DA7F00C1AD67 /* Build configuration list for PBXNativeTarget "ZoneClock" */;
			buildPhases = (
				352261D313D0DA7E00C1AD67 /* Sources */,
				352261D413D0DA7E00C1AD67 /* Frameworks */,
				352261D513D0DA7E00C1AD67 /* Resources */,
			);
			buildRules = (
			);
			dependencies = (
			);
			name = ZoneClock;
			productName = ZoneClock;
			productReference = 352261D713D0DA7E00C1AD67 /* ZoneClock.app */;
			productType = "com.apple.product-type.application";
		};
/* End PBXNativeTarget section */

/* Begin PBXProject section */
		352261CE13D0DA7E00C1AD67 /* Project object */ = {
			isa = PBXProject;
			buildConfigurationList = 352261D113D0DA7E00C1AD67 /* Build configuration list for PBXProject "ZoneClock" */;
			compatibilityVersion = "Xcode 3.2";
			developmentRegion = English;
			hasScannedForEncodings = 0;
			knownRegions = (
				en,
			);
			mainGroup = 352261CC13D0DA7E00C1AD67;
			productRefGroup = 352261D813D0DA7E00C1AD67 /* Products */;
			projectDirPath = "";
			projectRoot = "";
			targets = (
				352261D613D0DA7E00C1AD67 /* ZoneClock */,
			);
		};
/* End PBXProject section */

/* Begin PBXResourcesBuildPhase section */
		352261D513D0DA7E00C1AD67 /* Resources */ = {
			isa = PBXResourcesBuildPhase;
			buildActionMask = 2147483647;
			files = (
				352261E613D0DA7E00C1AD67 /* InfoPlist.strings in Resources */,
				352261EF13D0DA7F00C1AD67 /* MainWindow.xib in Resources */,
				352261F513D0DA7F00C1AD67 /* ZoneClockViewController.xib in Resources */,
			);
			runOnlyForDeploymentPostprocessing = 0;
		};
/* End PBXResourcesBuildPhase section */

/* Begin PBXSourcesBuildPhase section */
		352261D313D0DA7E00C1AD67 /* Sources */ = {
			isa = PBXSourcesBuildPhase;
			buildActionMask = 2147483647;
			files = (
				352261E913D0DA7E00C1AD67 /* main.m in Sources */,
				352261EC13D0DA7E00C1AD67 /* ZoneClockAppDelegate.m in Sources */,
				352261F213D0DA7F00C1AD67 /* ZoneClockViewController.m in Sources */,
			);
			runOnlyForDeploymentPostprocessing = 0;
		};
/* End PBXSourcesBuildPhase section */

/* Begin PBXVariantGroup section */
		352261E413D0DA7E00C1AD67 /* InfoPlist.strings */ = {
			isa = PBXVariantGroup;
			children = (
				352261E513D0DA7E00C1AD67 /* en */,
			);
			name = InfoPlist.strings;
			sourceTree = "<group>";
		};
		352261ED13D0DA7F00C1AD67 /* MainWindow.xib */ = {
			isa = PBXVariantGroup;
			children = (
				352261EE13D0DA7F00C1AD67 /* en */,
			);
			name = MainWindow.xib;
			sourceTree = "<group>";
		};
		352261F313D0DA7F00C1AD67 /* ZoneClockViewController.xib */ = {
			isa = PBXVariantGroup;
			children = (
				352261F413D0DA7F00C1AD67 /* en */,
			);
			name = ZoneClockViewController.xib;
			sourceTree = "<group>";
		};
/* End PBXVariantGroup section */

/* Begin XCBuildConfiguration section */
		352261F613D0DA7F00C1AD67 /* Debug */ = {
			isa = XCBuildConfiguration;
			buildSettings = {
				ARCHS = "$(ARCHS_STANDARD_32_BIT)";
				"CODE_SIGN_IDENTITY[sdk=iphoneos*]" = "iPhone Developer";
				GCC_C_LANGUAGE_STANDARD = gnu99;
				GCC_OPTIMIZATION_LEVEL = 0;
				GCC_PREPROCESSOR_DEFINITIONS = DEBUG;
				GCC_SYMBOLS_PRIVATE_EXTERN = NO;
				GCC_VERSION = com.apple.compilers.llvmgcc42;
				GCC_WARN_ABOUT_RETURN_TYPE = YES;
				GCC_WARN_UNUSED_VARIABLE = YES;
				IPHONEOS_DEPLOYMENT_TARGET = 4.3;
				SDKROOT = iphoneos;
			};
			name = Debug;
		};
		352261F713D0DA7F00C1AD67 /* Release */ = {
			isa = XCBuildConfiguration;
			buildSettings = {
				ARCHS = "$(ARCHS_STANDARD_32_BIT)";
				"CODE_SIGN_IDENTITY[sdk=iphoneos*]" = "iPhone Developer";
				GCC_C_LANGUAGE_STANDARD = gnu99;
				GCC_VERSION = com.apple.compilers.llvmgcc42;
				GCC_WARN_ABOUT_RETURN_TYPE = YES;
				GCC_WARN_UNUSED_VARIABLE = YES;
				IPHONEOS_DEPLOYMENT_TARGET = 4.3;
				OTHER_CFLAGS = "-DNS_BLOCK_ASSERTIONS=1";
				SDKROOT = iphoneos;
			};
			name = Release;
		};
		352261F913D0DA7F00C1AD67 /* Debug */ = {
			isa = XCBuildConfiguration;
			buildSettings = {
				ALWAYS_SEARCH_USER_PATHS = NO;
				COPY_PHASE_STRIP = NO;
				GCC_DYNAMIC_NO_PIC = NO;
				GCC_PRECOMPILE_PREFIX_HEADER = YES;
				GCC_PREFIX_HEADER = "ZoneClock/ZoneClock-Prefix.pch";
				INFOPLIST_FILE = "ZoneClock/ZoneClock-Info.plist";
				PRODUCT_NAME = "$(TARGET_NAME)";
				WRAPPER_EXTENSION = app;
			};
			name = Debug;
		};
		352261FA13D0DA7F00C1AD67 /* Release */ = {
			isa = XCBuildConfiguration;
			buildSettings = {
				ALWAYS_SEARCH_USER_PATHS = NO;
				COPY_PHASE_STRIP = YES;
				GCC_PRECOMPILE_PREFIX_HEADER = YES;
				GCC_PREFIX_HEADER = "ZoneClock/ZoneClock-Prefix.pch";
				INFOPLIST_FILE = "ZoneClock/ZoneClock-Info.plist";
				PRODUCT_NAME = "$(TARGET_NAME)";
				VALIDATE_PRODUCT = YES;
				WRAPPER_EXTENSION = app;
			};
			name = Release;
		};
/* End XCBuildConfiguration section */

/* Begin XCConfigurationList section */
		352261D113D0DA7E00C1AD67 /* Build configuration list for PBXProject "ZoneClock" */ = {
			isa = XCConfigurationList;
			buildConfigurations = (
				352261F613D0DA7F00C1AD67 /* Debug */,
				352261F713D0DA7F00C1AD67 /* Release */,
			);
			defaultConfigurationIsVisible = 0;
			defaultConfigurationName = Release;
		};
		352261F813D0DA7F00C1AD67 /* Build configuration list for PBXNativeTarget "ZoneClock" */ = {
			isa = XCConfigurationList;
			buildConfigurations = (
				352261F913D0DA7F00C1AD67 /* Debug */,
				352261FA13D0DA7F00C1AD67 /* Release */,
			);
			defaultConfigurationIsVisible = 0;
		};
/* End XCConfigurationList section */
	};
	rootObject = 352261CE13D0DA7E00C1AD67 /* Project object */;
}
